
Microsoft Visual Studio Solution File, Format Version 12.00
# Visual Studio Version 17
VisualStudioVersion = 17.5.33530.505
MinimumVisualStudioVersion = 10.0.40219.1
Project("{FAE04EC0-301F-11D3-BF4B-00C04F79EFBC}") = "JevoGastosUWP", "JevoGastosUWP.csproj", "{E8BE53EF-B1E6-4A9E-A67D-C57F4B9709A8}"
EndProject
Project("{9A19103F-16F7-4668-BE54-9A1E7A4F7556}") = "JevoGastosCore", "..\JevoGastosCore\JevoGastosCore.csproj", "{7054A20E-2EFC-47C2-B52F-79B06A27001F}"
EndProject
Project("{9A19103F-16F7-4668-BE54-9A1E7A4F7556}") = "EntityCoreBasics", "..\EntityCoreBasics\EntityCoreBasics.csproj", "{9EB770ED-E8F0-46D9-BB89-D5954BD7E171}"
EndProject
Project("{9A19103F-16F7-4668-BE54-9A1E7A4F7556}") = "JevoCrypt", "..\JevoCrypt\JevoCrypt.csproj", "{3C41611C-17E9-454F-A226-F7DFA60C518A}"
EndProject
Global
	GlobalSection(SolutionConfigurationPlatforms) = preSolution
		Debug|Any CPU = Debug|Any CPU
		Debug|ARM = Debug|ARM
		Debug|ARM64 = Debug|ARM64
		Debug|x64 = Debug|x64
		Debug|x86 = Debug|x86
		DebugSee|Any CPU = DebugSee|Any CPU
		DebugSee|ARM = DebugSee|ARM
		DebugSee|ARM64 = DebugSee|ARM64
		DebugSee|x64 = DebugSee|x64
		DebugSee|x86 = DebugSee|x86
		Release|Any CPU = Release|Any CPU
		Release|ARM = Release|ARM
		Release|ARM64 = Release|ARM64
		Release|x64 = Release|x64
		Release|x86 = Release|x86
	EndGlobalSection
	GlobalSection(ProjectConfigurationPlatforms) = postSolution
		{E8BE53EF-B1E6-4A9E-A67D-C57F4B9709A8}.Debug|Any CPU.ActiveCfg = Debug|x86
		{E8BE53EF-B1E6-4A9E-A67D-C57F4B9709A8}.Debug|Any CPU.Build.0 = Debug|x86
		{E8BE53EF-B1E6-4A9E-A67D-C57F4B9709A8}.Debug|Any CPU.Deploy.0 = Debug|x86
		{E8BE53EF-B1E6-4A9E-A67D-C57F4B9709A8}.Debug|ARM.ActiveCfg = Debug|ARM
		{E8BE53EF-B1E6-4A9E-A67D-C57F4B9709A8}.Debug|ARM.Build.0 = Debug|ARM
		{E8BE53EF-B1E6-4A9E-A67D-C57F4B9709A8}.Debug|ARM.Deploy.0 = Debug|ARM
		{E8BE53EF-B1E6-4A9E-A67D-C57F4B9709A8}.Debug|ARM64.ActiveCfg = Debug|ARM64
		{E8BE53EF-B1E6-4A9E-A67D-C57F4B9709A8}.Debug|ARM64.Build.0 = Debug|ARM64
		{E8BE53EF-B1E6-4A9E-A67D-C57F4B9709A8}.Debug|ARM64.Deploy.0 = Debug|ARM64
		{E8BE53EF-B1E6-4A9E-A67D-C57F4B9709A8}.Debug|x64.ActiveCfg = Debug|x64
		{E8BE53EF-B1E6-4A9E-A67D-C57F4B9709A8}.Debug|x64.Build.0 = Debug|x64
		{E8BE53EF-B1E6-4A9E-A67D-C57F4B9709A8}.Debug|x64.Deploy.0 = Debug|x64
		{E8BE53EF-B1E6-4A9E-A67D-C57F4B9709A8}.Debug|x86.ActiveCfg = Debug|x86
		{E8BE53EF-B1E6-4A9E-A67D-C57F4B9709A8}.Debug|x86.Build.0 = Debug|x86
		{E8BE53EF-B1E6-4A9E-A67D-C57F4B9709A8}.Debug|x86.Deploy.0 = Debug|x86
		{E8BE53EF-B1E6-4A9E-A67D-C57F4B9709A8}.DebugSee|Any CPU.ActiveCfg = Release|x64
		{E8BE53EF-B1E6-4A9E-A67D-C57F4B9709A8}.DebugSee|Any CPU.Build.0 = Release|x64
		{E8BE53EF-B1E6-4A9E-A67D-C57F4B9709A8}.DebugSee|Any CPU.Deploy.0 = Release|x64
		{E8BE53EF-B1E6-4A9E-A67D-C57F4B9709A8}.DebugSee|ARM.ActiveCfg = Debug|ARM
		{E8BE53EF-B1E6-4A9E-A67D-C57F4B9709A8}.DebugSee|ARM.Build.0 = Debug|ARM
		{E8BE53EF-B1E6-4A9E-A67D-C57F4B9709A8}.DebugSee|ARM.Deploy.0 = Debug|ARM
		{E8BE53EF-B1E6-4A9E-A67D-C57F4B9709A8}.DebugSee|ARM64.ActiveCfg = Debug|ARM64
		{E8BE53EF-B1E6-4A9E-A67D-C57F4B9709A8}.DebugSee|ARM64.Build.0 = Debug|ARM64
		{E8BE53EF-B1E6-4A9E-A67D-C57F4B9709A8}.DebugSee|ARM64.Deploy.0 = Debug|ARM64
		{E8BE53EF-B1E6-4A9E-A67D-C57F4B9709A8}.DebugSee|x64.ActiveCfg = Debug|x64
		{E8BE53EF-B1E6-4A9E-A67D-C57F4B9709A8}.DebugSee|x64.Build.0 = Debug|x64
		{E8BE53EF-B1E6-4A9E-A67D-C57F4B9709A8}.DebugSee|x64.Deploy.0 = Debug|x64
		{E8BE53EF-B1E6-4A9E-A67D-C57F4B9709A8}.DebugSee|x86.ActiveCfg = Debug|x86
		{E8BE53EF-B1E6-4A9E-A67D-C57F4B9709A8}.DebugSee|x86.Build.0 = Debug|x86
		{E8BE53EF-B1E6-4A9E-A67D-C57F4B9709A8}.DebugSee|x86.Deploy.0 = Debug|x86
		{E8BE53EF-B1E6-4A9E-A67D-C57F4B9709A8}.Release|Any CPU.ActiveCfg = Release|x86
		{E8BE53EF-B1E6-4A9E-A67D-C57F4B9709A8}.Release|Any CPU.Build.0 = Release|x86
		{E8BE53EF-B1E6-4A9E-A67D-C57F4B9709A8}.Release|Any CPU.Deploy.0 = Release|x86
		{E8BE53EF-B1E6-4A9E-A67D-C57F4B9709A8}.Release|ARM.ActiveCfg = Release|ARM
		{E8BE53EF-B1E6-4A9E-A67D-C57F4B9709A8}.Release|ARM.Build.0 = Release|ARM
		{E8BE53EF-B1E6-4A9E-A67D-C57F4B9709A8}.Release|ARM.Deploy.0 = Release|ARM
		{E8BE53EF-B1E6-4A9E-A67D-C57F4B9709A8}.Release|ARM64.ActiveCfg = Release|ARM64
		{E8BE53EF-B1E6-4A9E-A67D-C57F4B9709A8}.Release|ARM64.Build.0 = Release|ARM64
		{E8BE53EF-B1E6-4A9E-A67D-C57F4B9709A8}.Release|ARM64.Deploy.0 = Release|ARM64
		{E8BE53EF-B1E6-4A9E-A67D-C57F4B9709A8}.Release|x64.ActiveCfg = Release|x64
		{E8BE53EF-B1E6-4A9E-A67D-C57F4B9709A8}.Release|x64.Build.0 = Release|x64
		{E8BE53EF-B1E6-4A9E-A67D-C57F4B9709A8}.Release|x64.Deploy.0 = Release|x64
		{E8BE53EF-B1E6-4A9E-A67D-C57F4B9709A8}.Release|x86.ActiveCfg = Release|x86
		{E8BE53EF-B1E6-4A9E-A67D-C57F4B9709A8}.Release|x86.Build.0 = Release|x86
		{E8BE53EF-B1E6-4A9E-A67D-C57F4B9709A8}.Release|x86.Deploy.0 = Release|x86
		{7054A20E-2EFC-47C2-B52F-79B06A27001F}.Debug|Any CPU.ActiveCfg = Debug|Any CPU
		{7054A20E-2EFC-47C2-B52F-79B06A27001F}.Debug|Any CPU.Build.0 = Debug|Any CPU
		{7054A20E-2EFC-47C2-B52F-79B06A27001F}.Debug|ARM.ActiveCfg = Debug|Any CPU
		{7054A20E-2EFC-47C2-B52F-79B06A27001F}.Debug|ARM.Build.0 = Debug|Any CPU
		{7054A20E-2EFC-47C2-B52F-79B06A27001F}.Debug|ARM64.ActiveCfg = Debug|Any CPU
		{7054A20E-2EFC-47C2-B52F-79B06A27001F}.Debug|ARM64.Build.0 = Debug|Any CPU
		{7054A20E-2EFC-47C2-B52F-79B06A27001F}.Debug|x64.ActiveCfg = Debug|Any CPU
		{7054A20E-2EFC-47C2-B52F-79B06A27001F}.Debug|x64.Build.0 = Debug|Any CPU
		{7054A20E-2EFC-47C2-B52F-79B06A27001F}.Debug|x86.ActiveCfg = Debug|Any CPU
		{7054A20E-2EFC-47C2-B52F-79B06A27001F}.Debug|x86.Build.0 = Debug|Any CPU
		{7054A20E-2EFC-47C2-B52F-79B06A27001F}.DebugSee|Any CPU.ActiveCfg = Debug|Any CPU
		{7054A20E-2EFC-47C2-B52F-79B06A27001F}.DebugSee|Any CPU.Build.0 = Debug|Any CPU
		{7054A20E-2EFC-47C2-B52F-79B06A27001F}.DebugSee|ARM.ActiveCfg = Debug|Any CPU
		{7054A20E-2EFC-47C2-B52F-79B06A27001F}.DebugSee|ARM.Build.0 = Debug|Any CPU
		{7054A20E-2EFC-47C2-B52F-79B06A27001F}.DebugSee|ARM64.ActiveCfg = Debug|Any CPU
		{7054A20E-2EFC-47C2-B52F-79B06A27001F}.DebugSee|ARM64.Build.0 = Debug|Any CPU
		{7054A20E-2EFC-47C2-B52F-79B06A27001F}.DebugSee|x64.ActiveCfg = Debug|Any CPU
		{7054A20E-2EFC-47C2-B52F-79B06A27001F}.DebugSee|x64.Build.0 = Debug|Any CPU
		{7054A20E-2EFC-47C2-B52F-79B06A27001F}.DebugSee|x86.ActiveCfg = Debug|Any CPU
		{7054A20E-2EFC-47C2-B52F-79B06A27001F}.DebugSee|x86.Build.0 = Debug|Any CPU
		{7054A20E-2EFC-47C2-B52F-79B06A27001F}.Release|Any CPU.ActiveCfg = Release|Any CPU
		{7054A20E-2EFC-47C2-B52F-79B06A27001F}.Release|Any CPU.Build.0 = Release|Any CPU
		{7054A20E-2EFC-47C2-B52F-79B06A27001F}.Release|ARM.ActiveCfg = Release|Any CPU
		{7054A20E-2EFC-47C2-B52F-79B06A27001F}.Release|ARM.Build.0 = Release|Any CPU
		{7054A20E-2EFC-47C2-B52F-79B06A27001F}.Release|ARM64.ActiveCfg = Release|Any CPU
		{7054A20E-2EFC-47C2-B52F-79B06A27001F}.Release|ARM64.Build.0 = Release|Any CPU
		{7054A20E-2EFC-47C2-B52F-79B06A27001F}.Release|x64.ActiveCfg = Release|Any CPU
		{7054A20E-2EFC-47C2-B52F-79B06A27001F}.Release|x64.Build.0 = Release|Any CPU
		{7054A20E-2EFC-47C2-B52F-79B06A27001F}.Release|x86.ActiveCfg = Release|Any CPU
		{7054A20E-2EFC-47C2-B52F-79B06A27001F}.Release|x86.Build.0 = Release|Any CPU
		{9EB770ED-E8F0-46D9-BB89-D5954BD7E171}.Debug|Any CPU.ActiveCfg = Debug|Any CPU
		{9EB770ED-E8F0-46D9-BB89-D5954BD7E171}.Debug|Any CPU.Build.0 = Debug|Any CPU
		{9EB770ED-E8F0-46D9-BB89-D5954BD7E171}.Debug|ARM.ActiveCfg = Debug|Any CPU
		{9EB770ED-E8F0-46D9-BB89-D5954BD7E171}.Debug|ARM.Build.0 = Debug|Any CPU
		{9EB770ED-E8F0-46D9-BB89-D5954BD7E171}.Debug|ARM64.ActiveCfg = Debug|Any CPU
		{9EB770ED-E8F0-46D9-BB89-D5954BD7E171}.Debug|ARM64.Build.0 = Debug|Any CPU
		{9EB770ED-E8F0-46D9-BB89-D5954BD7E171}.Debug|x64.ActiveCfg = Debug|Any CPU
		{9EB770ED-E8F0-46D9-BB89-D5954BD7E171}.Debug|x64.Build.0 = Debug|Any CPU
		{9EB770ED-E8F0-46D9-BB89-D5954BD7E171}.Debug|x86.ActiveCfg = Debug|Any CPU
		{9EB770ED-E8F0-46D9-BB89-D5954BD7E171}.Debug|x86.Build.0 = Debug|Any CPU
		{9EB770ED-E8F0-46D9-BB89-D5954BD7E171}.DebugSee|Any CPU.ActiveCfg = Debug|Any CPU
		{9EB770ED-E8F0-46D9-BB89-D5954BD7E171}.DebugSee|Any CPU.Build.0 = Debug|Any CPU
		{9EB770ED-E8F0-46D9-BB89-D5954BD7E171}.DebugSee|ARM.ActiveCfg = Debug|Any CPU
		{9EB770ED-E8F0-46D9-BB89-D5954BD7E171}.DebugSee|ARM.Build.0 = Debug|Any CPU
		{9EB770ED-E8F0-46D9-BB89-D5954BD7E171}.DebugSee|ARM64.ActiveCfg = Debug|Any CPU
		{9EB770ED-E8F0-46D9-BB89-D5954BD7E171}.DebugSee|ARM64.Build.0 = Debug|Any CPU
		{9EB770ED-E8F0-46D9-BB89-D5954BD7E171}.DebugSee|x64.ActiveCfg = Debug|Any CPU
		{9EB770ED-E8F0-46D9-BB89-D5954BD7E171}.DebugSee|x64.Build.0 = Debug|Any CPU
		{9EB770ED-E8F0-46D9-BB89-D5954BD7E171}.DebugSee|x86.ActiveCfg = Debug|Any CPU
		{9EB770ED-E8F0-46D9-BB89-D5954BD7E171}.DebugSee|x86.Build.0 = Debug|Any CPU
		{9EB770ED-E8F0-46D9-BB89-D5954BD7E171}.Release|Any CPU.ActiveCfg = Release|Any CPU
		{9EB770ED-E8F0-46D9-BB89-D5954BD7E171}.Release|Any CPU.Build.0 = Release|Any CPU
		{9EB770ED-E8F0-46D9-BB89-D5954BD7E171}.Release|ARM.ActiveCfg = Release|Any CPU
		{9EB770ED-E8F0-46D9-BB89-D5954BD7E171}.Release|ARM.Build.0 = Release|Any CPU
		{9EB770ED-E8F0-46D9-BB89-D5954BD7E171}.Release|ARM64.ActiveCfg = Release|Any CPU
		{9EB770ED-E8F0-46D9-BB89-D5954BD7E171}.Release|ARM64.Build.0 = Release|Any CPU
		{9EB770ED-E8F0-46D9-BB89-D5954BD7E171}.Release|x64.ActiveCfg = Release|Any CPU
		{9EB770ED-E8F0-46D9-BB89-D5954BD7E171}.Release|x64.Build.0 = Release|Any CPU
		{9EB770ED-E8F0-46D9-BB89-D5954BD7E171}.Release|x86.ActiveCfg = Release|Any CPU
		{9EB770ED-E8F0-46D9-BB89-D5954BD7E171}.Release|x86.Build.0 = Release|Any CPU
		{3C41611C-17E9-454F-A226-F7DFA60C518A}.Debug|Any CPU.ActiveCfg = Debug|Any CPU
		{3C41611C-17E9-454F-A226-F7DFA60C518A}.Debug|Any CPU.Build.0 = Debug|Any CPU
		{3C41611C-17E9-454F-A226-F7DFA60C518A}.Debug|ARM.ActiveCfg = Debug|Any CPU
		{3C41611C-17E9-454F-A226-F7DFA60C518A}.Debug|ARM.Build.0 = Debug|Any CPU
		{3C41611C-17E9-454F-A226-F7DFA60C518A}.Debug|ARM64.ActiveCfg = Debug|Any CPU
		{3C41611C-17E9-454F-A226-F7DFA60C518A}.Debug|ARM64.Build.0 = Debug|Any CPU
		{3C41611C-17E9-454F-A226-F7DFA60C518A}.Debug|x64.ActiveCfg = Debug|Any CPU
		{3C41611C-17E9-454F-A226-F7DFA60C518A}.Debug|x64.Build.0 = Debug|Any CPU
		{3C41611C-17E9-454F-A226-F7DFA60C518A}.Debug|x86.ActiveCfg = Debug|Any CPU
		{3C41611C-17E9-454F-A226-F7DFA60C518A}.Debug|x86.Build.0 = Debug|Any CPU
		{3C41611C-17E9-454F-A226-F7DFA60C518A}.DebugSee|Any CPU.ActiveCfg = Debug|Any CPU
		{3C41611C-17E9-454F-A226-F7DFA60C518A}.DebugSee|Any CPU.Build.0 = Debug|Any CPU
		{3C41611C-17E9-454F-A226-F7DFA60C518A}.DebugSee|ARM.ActiveCfg = Debug|Any CPU
		{3C41611C-17E9-454F-A226-F7DFA60C518A}.DebugSee|ARM.Build.0 = Debug|Any CPU
		{3C41611C-17E9-454F-A226-F7DFA60C518A}.DebugSee|ARM64.ActiveCfg = Debug|Any CPU
		{3C41611C-17E9-454F-A226-F7DFA60C518A}.DebugSee|ARM64.Build.0 = Debug|Any CPU
		{3C41611C-17E9-454F-A226-F7DFA60C518A}.DebugSee|x64.ActiveCfg = Debug|Any CPU
		{3C41611C-17E9-454F-A226-F7DFA60C518A}.DebugSee|x64.Build.0 = Debug|Any CPU
		{3C41611C-17E9-454F-A226-F7DFA60C518A}.DebugSee|x86.ActiveCfg = Debug|Any CPU
		{3C41611C-17E9-454F-A226-F7DFA60C518A}.DebugSee|x86.Build.0 = Debug|Any CPU
		{3C41611C-17E9-454F-A226-F7DFA60C518A}.Release|Any CPU.ActiveCfg = Release|Any CPU
		{3C41611C-17E9-454F-A226-F7DFA60C518A}.Release|Any CPU.Build.0 = Release|Any CPU
		{3C41611C-17E9-454F-A226-F7DFA60C518A}.Release|ARM.ActiveCfg = Release|Any CPU
		{3C41611C-17E9-454F-A226-F7DFA60C518A}.Release|ARM.Build.0 = Release|Any CPU
		{3C41611C-17E9-454F-A226-F7DFA60C518A}.Release|ARM64.ActiveCfg = Release|Any CPU
		{3C41611C-17E9-454F-A226-F7DFA60C518A}.Release|ARM64.Build.0 = Release|Any CPU
		{3C41611C-17E9-454F-A226-F7DFA60C518A}.Release|x64.ActiveCfg = Release|Any CPU
		{3C41611C-17E9-454F-A226-F7DFA60C518A}.Release|x64.Build.0 = Release|Any CPU
		{3C41611C-17E9-454F-A226-F7DFA60C518A}.Release|x86.ActiveCfg = Release|Any CPU
		{3C41611C-17E9-454F-A226-F7DFA60C518A}.Release|x86.Build.0 = Release|Any CPU
	EndGlobalSection
	GlobalSection(SolutionProperties) = preSolution
		HideSolutionNode = FALSE
	EndGlobalSection
	GlobalSection(ExtensibilityGlobals) = postSolution
		SolutionGuid = {A37F4FBD-4A08-4BFD-B805-92B07BE21D0F}
	EndGlobalSection
EndGlobal
